// !$*UTF8*$!
{
	archiveVersion = 1;
	classes = {
	};
	objectVersion = 50;
	objects = {

/* Begin PBXBuildFile section */
		7C6035B72654E8A200550B76 /* AppDelegate.swift in Sources */ = {isa = PBXBuildFile; fileRef = 7C6035B62654E8A200550B76 /* AppDelegate.swift */; };
		7C6035B92654E8A200550B76 /* SceneDelegate.swift in Sources */ = {isa = PBXBuildFile; fileRef = 7C6035B82654E8A200550B76 /* SceneDelegate.swift */; };
		7C6035BB2654E8A200550B76 /* ViewController.swift in Sources */ = {isa = PBXBuildFile; fileRef = 7C6035BA2654E8A200550B76 /* ViewController.swift */; };
		7C6035C02654E8A400550B76 /* Assets.xcassets in Resources */ = {isa = PBXBuildFile; fileRef = 7C6035BF2654E8A400550B76 /* Assets.xcassets */; };
		7C6035C32654E8A400550B76 /* LaunchScreen.storyboard in Resources */ = {isa = PBXBuildFile; fileRef = 7C6035C12654E8A400550B76 /* LaunchScreen.storyboard */; };
		7C6035CE2654E8A400550B76 /* DUsersTests.swift in Sources */ = {isa = PBXBuildFile; fileRef = 7C6035CD2654E8A400550B76 /* DUsersTests.swift */; };
		7C6035D92654E8A500550B76 /* DUsersUITests.swift in Sources */ = {isa = PBXBuildFile; fileRef = 7C6035D82654E8A500550B76 /* DUsersUITests.swift */; };
		7C6035FB2654EBCA00550B76 /* UsersListVC.swift in Sources */ = {isa = PBXBuildFile; fileRef = 7C6035FA2654EBCA00550B76 /* UsersListVC.swift */; };
		7C6036072654ED4300550B76 /* DUDataLoadingVC.swift in Sources */ = {isa = PBXBuildFile; fileRef = 7C6036062654ED4300550B76 /* DUDataLoadingVC.swift */; };
		7C6036102654ED9200550B76 /* DUEmptyStateView.swift in Sources */ = {isa = PBXBuildFile; fileRef = 7C60360F2654ED9200550B76 /* DUEmptyStateView.swift */; };
		7C6036192654EDDD00550B76 /* DUTitleLabel.swift in Sources */ = {isa = PBXBuildFile; fileRef = 7C6036182654EDDD00550B76 /* DUTitleLabel.swift */; };
		7C60361F2654EE4100550B76 /* Constants.swift in Sources */ = {isa = PBXBuildFile; fileRef = 7C60361E2654EE4100550B76 /* Constants.swift */; };
		7C60362B2654EEBB00550B76 /* UIView+Ext.swift in Sources */ = {isa = PBXBuildFile; fileRef = 7C60362A2654EEBB00550B76 /* UIView+Ext.swift */; };
		7C6036342654EF5000550B76 /* User.swift in Sources */ = {isa = PBXBuildFile; fileRef = 7C6036332654EF5000550B76 /* User.swift */; };
		7C60363C2654F2C400550B76 /* UserProfile.swift in Sources */ = {isa = PBXBuildFile; fileRef = 7C60363B2654F2C400550B76 /* UserProfile.swift */; };
		7C6036492654F76D00550B76 /* UserCell.swift in Sources */ = {isa = PBXBuildFile; fileRef = 7C6036482654F76D00550B76 /* UserCell.swift */; };
		7C60364F2654F7E100550B76 /* DUAvatarImageView.swift in Sources */ = {isa = PBXBuildFile; fileRef = 7C60364E2654F7E100550B76 /* DUAvatarImageView.swift */; };
		7C6036582654F83C00550B76 /* NetworkManager.swift in Sources */ = {isa = PBXBuildFile; fileRef = 7C6036572654F83C00550B76 /* NetworkManager.swift */; };
		7C6036602654F8F300550B76 /* ErrorMessage.swift in Sources */ = {isa = PBXBuildFile; fileRef = 7C60365F2654F8F300550B76 /* ErrorMessage.swift */; };
		7C6036722654FB5B00550B76 /* UserProfileVC.swift in Sources */ = {isa = PBXBuildFile; fileRef = 7C6036712654FB5B00550B76 /* UserProfileVC.swift */; };
		7C6036772654FDE900550B76 /* UIViewController+Ext.swift in Sources */ = {isa = PBXBuildFile; fileRef = 7C6036762654FDE900550B76 /* UIViewController+Ext.swift */; };
		7C60367F2654FE5700550B76 /* DUAlertVC.swift in Sources */ = {isa = PBXBuildFile; fileRef = 7C60367E2654FE5700550B76 /* DUAlertVC.swift */; };
		7C6036842654FEB100550B76 /* DUBodyLabel.swift in Sources */ = {isa = PBXBuildFile; fileRef = 7C6036832654FEB100550B76 /* DUBodyLabel.swift */; };
		7C60368A2654FEF400550B76 /* DUButton.swift in Sources */ = {isa = PBXBuildFile; fileRef = 7C6036892654FEF400550B76 /* DUButton.swift */; };
		7C6036922654FF2A00550B76 /* DUAlertContainerView.swift in Sources */ = {isa = PBXBuildFile; fileRef = 7C6036912654FF2A00550B76 /* DUAlertContainerView.swift */; };
		7C6036A2265521CD00550B76 /* PostCell.swift in Sources */ = {isa = PBXBuildFile; fileRef = 7C6036A1265521CD00550B76 /* PostCell.swift */; };
		7C6036AE26552FE300550B76 /* Date+Ext.swift in Sources */ = {isa = PBXBuildFile; fileRef = 7C6036AD26552FE300550B76 /* Date+Ext.swift */; };
		7C6036B32655330800550B76 /* String+Ext.swift in Sources */ = {isa = PBXBuildFile; fileRef = 7C6036B22655330800550B76 /* String+Ext.swift */; };
		7C6036B826553B3700550B76 /* UITableView+Ext.swift in Sources */ = {isa = PBXBuildFile; fileRef = 7C6036B726553B3700550B76 /* UITableView+Ext.swift */; };
		7C6036BD26554DC400550B76 /* HeaderUserProfileView.swift in Sources */ = {isa = PBXBuildFile; fileRef = 7C6036BC26554DC400550B76 /* HeaderUserProfileView.swift */; };
		7C6036C226556F3A00550B76 /* UserProfileLikesView.swift in Sources */ = {isa = PBXBuildFile; fileRef = 7C6036C126556F3A00550B76 /* UserProfileLikesView.swift */; };
		7C6036D02655963700550B76 /* TopHeaderView.swift in Sources */ = {isa = PBXBuildFile; fileRef = 7C6036CF2655963700550B76 /* TopHeaderView.swift */; };
		7C7D78BF265695C000621BD8 /* opensanshebrew-extrabold.ttf in Resources */ = {isa = PBXBuildFile; fileRef = 7C7D78BB2656954F00621BD8 /* opensanshebrew-extrabold.ttf */; };
		7C7D78C3265695C400621BD8 /* opensanshebrew-regular.ttf in Resources */ = {isa = PBXBuildFile; fileRef = 7C7D78B72656950300621BD8 /* opensanshebrew-regular.ttf */; };
		7C7D78CC2656EB7900621BD8 /* opensanshebrew-light.ttf in Resources */ = {isa = PBXBuildFile; fileRef = 7C7D78CB2656EB7500621BD8 /* opensanshebrew-light.ttf */; };
		7C7D78D02656EB7C00621BD8 /* opensanshebrew-bold.ttf in Resources */ = {isa = PBXBuildFile; fileRef = 7C7D78C72656EAA800621BD8 /* opensanshebrew-bold.ttf */; };
/* End PBXBuildFile section */

/* Begin PBXContainerItemProxy section */
		7C6035CA2654E8A400550B76 /* PBXContainerItemProxy */ = {
			isa = PBXContainerItemProxy;
			containerPortal = 7C6035AB2654E8A200550B76 /* Project object */;
			proxyType = 1;
			remoteGlobalIDString = 7C6035B22654E8A200550B76;
			remoteInfo = DUsers;
		};
		7C6035D52654E8A500550B76 /* PBXContainerItemProxy */ = {
			isa = PBXContainerItemProxy;
			containerPortal = 7C6035AB2654E8A200550B76 /* Project object */;
			proxyType = 1;
			remoteGlobalIDString = 7C6035B22654E8A200550B76;
			remoteInfo = DUsers;
		};
/* End PBXContainerItemProxy section */

/* Begin PBXFileReference section */
		7C6035B32654E8A200550B76 /* DUsers.app */ = {isa = PBXFileReference; explicitFileType = wrapper.application; includeInIndex = 0; path = DUsers.app; sourceTree = BUILT_PRODUCTS_DIR; };
		7C6035B62654E8A200550B76 /* AppDelegate.swift */ = {isa = PBXFileReference; lastKnownFileType = sourcecode.swift; path = AppDelegate.swift; sourceTree = "<group>"; };
		7C6035B82654E8A200550B76 /* SceneDelegate.swift */ = {isa = PBXFileReference; lastKnownFileType = sourcecode.swift; path = SceneDelegate.swift; sourceTree = "<group>"; };
		7C6035BA2654E8A200550B76 /* ViewController.swift */ = {isa = PBXFileReference; lastKnownFileType = sourcecode.swift; path = ViewController.swift; sourceTree = "<group>"; };
		7C6035BF2654E8A400550B76 /* Assets.xcassets */ = {isa = PBXFileReference; lastKnownFileType = folder.assetcatalog; path = Assets.xcassets; sourceTree = "<group>"; };
		7C6035C22654E8A400550B76 /* Base */ = {isa = PBXFileReference; lastKnownFileType = file.storyboard; name = Base; path = Base.lproj/LaunchScreen.storyboard; sourceTree = "<group>"; };
		7C6035C42654E8A400550B76 /* Info.plist */ = {isa = PBXFileReference; lastKnownFileType = text.plist.xml; path = Info.plist; sourceTree = "<group>"; };
		7C6035C92654E8A400550B76 /* DUsersTests.xctest */ = {isa = PBXFileReference; explicitFileType = wrapper.cfbundle; includeInIndex = 0; path = DUsersTests.xctest; sourceTree = BUILT_PRODUCTS_DIR; };
		7C6035CD2654E8A400550B76 /* DUsersTests.swift */ = {isa = PBXFileReference; lastKnownFileType = sourcecode.swift; path = DUsersTests.swift; sourceTree = "<group>"; };
		7C6035CF2654E8A400550B76 /* Info.plist */ = {isa = PBXFileReference; lastKnownFileType = text.plist.xml; path = Info.plist; sourceTree = "<group>"; };
		7C6035D42654E8A500550B76 /* DUsersUITests.xctest */ = {isa = PBXFileReference; explicitFileType = wrapper.cfbundle; includeInIndex = 0; path = DUsersUITests.xctest; sourceTree = BUILT_PRODUCTS_DIR; };
		7C6035D82654E8A500550B76 /* DUsersUITests.swift */ = {isa = PBXFileReference; lastKnownFileType = sourcecode.swift; path = DUsersUITests.swift; sourceTree = "<group>"; };
		7C6035DA2654E8A500550B76 /* Info.plist */ = {isa = PBXFileReference; lastKnownFileType = text.plist.xml; path = Info.plist; sourceTree = "<group>"; };
		7C6035FA2654EBCA00550B76 /* UsersListVC.swift */ = {isa = PBXFileReference; lastKnownFileType = sourcecode.swift; path = UsersListVC.swift; sourceTree = "<group>"; };
		7C6036062654ED4300550B76 /* DUDataLoadingVC.swift */ = {isa = PBXFileReference; lastKnownFileType = sourcecode.swift; path = DUDataLoadingVC.swift; sourceTree = "<group>"; };
		7C60360F2654ED9200550B76 /* DUEmptyStateView.swift */ = {isa = PBXFileReference; lastKnownFileType = sourcecode.swift; path = DUEmptyStateView.swift; sourceTree = "<group>"; };
		7C6036182654EDDD00550B76 /* DUTitleLabel.swift */ = {isa = PBXFileReference; lastKnownFileType = sourcecode.swift; path = DUTitleLabel.swift; sourceTree = "<group>"; };
		7C60361E2654EE4100550B76 /* Constants.swift */ = {isa = PBXFileReference; lastKnownFileType = sourcecode.swift; path = Constants.swift; sourceTree = "<group>"; };
		7C60362A2654EEBB00550B76 /* UIView+Ext.swift */ = {isa = PBXFileReference; lastKnownFileType = sourcecode.swift; path = "UIView+Ext.swift"; sourceTree = "<group>"; };
		7C6036332654EF5000550B76 /* User.swift */ = {isa = PBXFileReference; lastKnownFileType = sourcecode.swift; path = User.swift; sourceTree = "<group>"; };
		7C60363B2654F2C400550B76 /* UserProfile.swift */ = {isa = PBXFileReference; lastKnownFileType = sourcecode.swift; path = UserProfile.swift; sourceTree = "<group>"; };
		7C6036482654F76D00550B76 /* UserCell.swift */ = {isa = PBXFileReference; lastKnownFileType = sourcecode.swift; path = UserCell.swift; sourceTree = "<group>"; };
		7C60364E2654F7E100550B76 /* DUAvatarImageView.swift */ = {isa = PBXFileReference; lastKnownFileType = sourcecode.swift; path = DUAvatarImageView.swift; sourceTree = "<group>"; };
		7C6036572654F83C00550B76 /* NetworkManager.swift */ = {isa = PBXFileReference; lastKnownFileType = sourcecode.swift; path = NetworkManager.swift; sourceTree = "<group>"; };
		7C60365F2654F8F300550B76 /* ErrorMessage.swift */ = {isa = PBXFileReference; lastKnownFileType = sourcecode.swift; path = ErrorMessage.swift; sourceTree = "<group>"; };
		7C6036712654FB5B00550B76 /* UserProfileVC.swift */ = {isa = PBXFileReference; lastKnownFileType = sourcecode.swift; path = UserProfileVC.swift; sourceTree = "<group>"; };
		7C6036762654FDE900550B76 /* UIViewController+Ext.swift */ = {isa = PBXFileReference; lastKnownFileType = sourcecode.swift; path = "UIViewController+Ext.swift"; sourceTree = "<group>"; };
		7C60367E2654FE5700550B76 /* DUAlertVC.swift */ = {isa = PBXFileReference; lastKnownFileType = sourcecode.swift; path = DUAlertVC.swift; sourceTree = "<group>"; };
		7C6036832654FEB100550B76 /* DUBodyLabel.swift */ = {isa = PBXFileReference; lastKnownFileType = sourcecode.swift; path = DUBodyLabel.swift; sourceTree = "<group>"; };
		7C6036892654FEF400550B76 /* DUButton.swift */ = {isa = PBXFileReference; lastKnownFileType = sourcecode.swift; path = DUButton.swift; sourceTree = "<group>"; };
		7C6036912654FF2A00550B76 /* DUAlertContainerView.swift */ = {isa = PBXFileReference; lastKnownFileType = sourcecode.swift; path = DUAlertContainerView.swift; sourceTree = "<group>"; };
		7C6036A1265521CD00550B76 /* PostCell.swift */ = {isa = PBXFileReference; lastKnownFileType = sourcecode.swift; path = PostCell.swift; sourceTree = "<group>"; };
		7C6036AD26552FE300550B76 /* Date+Ext.swift */ = {isa = PBXFileReference; lastKnownFileType = sourcecode.swift; path = "Date+Ext.swift"; sourceTree = "<group>"; };
		7C6036B22655330800550B76 /* String+Ext.swift */ = {isa = PBXFileReference; lastKnownFileType = sourcecode.swift; path = "String+Ext.swift"; sourceTree = "<group>"; };
		7C6036B726553B3700550B76 /* UITableView+Ext.swift */ = {isa = PBXFileReference; lastKnownFileType = sourcecode.swift; path = "UITableView+Ext.swift"; sourceTree = "<group>"; };
		7C6036BC26554DC400550B76 /* HeaderUserProfileView.swift */ = {isa = PBXFileReference; lastKnownFileType = sourcecode.swift; path = HeaderUserProfileView.swift; sourceTree = "<group>"; };
		7C6036C126556F3A00550B76 /* UserProfileLikesView.swift */ = {isa = PBXFileReference; lastKnownFileType = sourcecode.swift; path = UserProfileLikesView.swift; sourceTree = "<group>"; };
		7C6036CF2655963700550B76 /* TopHeaderView.swift */ = {isa = PBXFileReference; lastKnownFileType = sourcecode.swift; path = TopHeaderView.swift; sourceTree = "<group>"; };
		7C7D78B72656950300621BD8 /* opensanshebrew-regular.ttf */ = {isa = PBXFileReference; lastKnownFileType = file; path = "opensanshebrew-regular.ttf"; sourceTree = "<group>"; };
		7C7D78BB2656954F00621BD8 /* opensanshebrew-extrabold.ttf */ = {isa = PBXFileReference; lastKnownFileType = file; path = "opensanshebrew-extrabold.ttf"; sourceTree = "<group>"; };
		7C7D78C72656EAA800621BD8 /* opensanshebrew-bold.ttf */ = {isa = PBXFileReference; lastKnownFileType = file; path = "opensanshebrew-bold.ttf"; sourceTree = "<group>"; };
		7C7D78CB2656EB7500621BD8 /* opensanshebrew-light.ttf */ = {isa = PBXFileReference; lastKnownFileType = file; path = "opensanshebrew-light.ttf"; sourceTree = "<group>"; };
/* End PBXFileReference section */

/* Begin PBXFrameworksBuildPhase section */
		7C6035B02654E8A200550B76 /* Frameworks */ = {
			isa = PBXFrameworksBuildPhase;
			buildActionMask = 2147483647;
			files = (
			);
			runOnlyForDeploymentPostprocessing = 0;
		};
		7C6035C62654E8A400550B76 /* Frameworks */ = {
			isa = PBXFrameworksBuildPhase;
			buildActionMask = 2147483647;
			files = (
			);
			runOnlyForDeploymentPostprocessing = 0;
		};
		7C6035D12654E8A500550B76 /* Frameworks */ = {
			isa = PBXFrameworksBuildPhase;
			buildActionMask = 2147483647;
			files = (
			);
			runOnlyForDeploymentPostprocessing = 0;
		};
/* End PBXFrameworksBuildPhase section */

/* Begin PBXGroup section */
		7C6035AA2654E8A200550B76 = {
			isa = PBXGroup;
			children = (
				7C6035B52654E8A200550B76 /* DUsers */,
				7C6035CC2654E8A400550B76 /* DUsersTests */,
				7C6035D72654E8A500550B76 /* DUsersUITests */,
				7C6035B42654E8A200550B76 /* Products */,
			);
			sourceTree = "<group>";
		};
		7C6035B42654E8A200550B76 /* Products */ = {
			isa = PBXGroup;
			children = (
				7C6035B32654E8A200550B76 /* DUsers.app */,
				7C6035C92654E8A400550B76 /* DUsersTests.xctest */,
				7C6035D42654E8A500550B76 /* DUsersUITests.xctest */,
			);
			name = Products;
			sourceTree = "<group>";
		};
		7C6035B52654E8A200550B76 /* DUsers */ = {
			isa = PBXGroup;
			children = (
				7C7D78B6265694E400621BD8 /* Fonts */,
				7C60361D2654EE3000550B76 /* Utilities */,
				7C6036562654F82A00550B76 /* Managers */,
				7C6036322654EF3900550B76 /* Model */,
				7C6036292654EEA300550B76 /* Extensions */,
				7C6035EF2654EAD300550B76 /* Custom Views */,
				7C6035F92654EB8000550B76 /* Screens */,
				7C6036A926552E7800550B76 /* Support */,
				7C6035C42654E8A400550B76 /* Info.plist */,
			);
			path = DUsers;
			sourceTree = "<group>";
		};
		7C6035CC2654E8A400550B76 /* DUsersTests */ = {
			isa = PBXGroup;
			children = (
				7C6035CD2654E8A400550B76 /* DUsersTests.swift */,
				7C6035CF2654E8A400550B76 /* Info.plist */,
			);
			path = DUsersTests;
			sourceTree = "<group>";
		};
		7C6035D72654E8A500550B76 /* DUsersUITests */ = {
			isa = PBXGroup;
			children = (
				7C6035D82654E8A500550B76 /* DUsersUITests.swift */,
				7C6035DA2654E8A500550B76 /* Info.plist */,
			);
			path = DUsersUITests;
			sourceTree = "<group>";
		};
		7C6035EF2654EAD300550B76 /* Custom Views */ = {
			isa = PBXGroup;
			children = (
				7C6036882654FEDD00550B76 /* Buttons */,
				7C6036642654F93800550B76 /* Cells */,
				7C60364D2654F7AB00550B76 /* ImageViews */,
				7C6036172654EDC300550B76 /* Labels */,
				7C60360E2654ED7600550B76 /* Views */,
				7C6036052654ED2700550B76 /* ViewControllers */,
			);
			path = "Custom Views";
			sourceTree = "<group>";
		};
		7C6035F92654EB8000550B76 /* Screens */ = {
			isa = PBXGroup;
			children = (
				7C6035FA2654EBCA00550B76 /* UsersListVC.swift */,
				7C6036712654FB5B00550B76 /* UserProfileVC.swift */,
			);
			path = Screens;
			sourceTree = "<group>";
		};
		7C6036052654ED2700550B76 /* ViewControllers */ = {
			isa = PBXGroup;
			children = (
				7C6036062654ED4300550B76 /* DUDataLoadingVC.swift */,
				7C60367E2654FE5700550B76 /* DUAlertVC.swift */,
			);
			path = ViewControllers;
			sourceTree = "<group>";
		};
		7C60360E2654ED7600550B76 /* Views */ = {
			isa = PBXGroup;
			children = (
				7C6036D42655CB0C00550B76 /* UserProfileView */,
				7C60360F2654ED9200550B76 /* DUEmptyStateView.swift */,
				7C6036912654FF2A00550B76 /* DUAlertContainerView.swift */,
			);
			path = Views;
			sourceTree = "<group>";
		};
		7C6036172654EDC300550B76 /* Labels */ = {
			isa = PBXGroup;
			children = (
				7C6036182654EDDD00550B76 /* DUTitleLabel.swift */,
				7C6036832654FEB100550B76 /* DUBodyLabel.swift */,
			);
			path = Labels;
			sourceTree = "<group>";
		};
		7C60361D2654EE3000550B76 /* Utilities */ = {
			isa = PBXGroup;
			children = (
				7C60361E2654EE4100550B76 /* Constants.swift */,
				7C60365F2654F8F300550B76 /* ErrorMessage.swift */,
			);
			path = Utilities;
			sourceTree = "<group>";
		};
		7C6036292654EEA300550B76 /* Extensions */ = {
			isa = PBXGroup;
			children = (
				7C60362A2654EEBB00550B76 /* UIView+Ext.swift */,
				7C6036762654FDE900550B76 /* UIViewController+Ext.swift */,
				7C6036AD26552FE300550B76 /* Date+Ext.swift */,
				7C6036B22655330800550B76 /* String+Ext.swift */,
				7C6036B726553B3700550B76 /* UITableView+Ext.swift */,
			);
			path = Extensions;
			sourceTree = "<group>";
		};
		7C6036322654EF3900550B76 /* Model */ = {
			isa = PBXGroup;
			children = (
				7C6036332654EF5000550B76 /* User.swift */,
				7C60363B2654F2C400550B76 /* UserProfile.swift */,
			);
			path = Model;
			sourceTree = "<group>";
		};
		7C60364D2654F7AB00550B76 /* ImageViews */ = {
			isa = PBXGroup;
			children = (
				7C60364E2654F7E100550B76 /* DUAvatarImageView.swift */,
			);
			path = ImageViews;
			sourceTree = "<group>";
		};
		7C6036562654F82A00550B76 /* Managers */ = {
			isa = PBXGroup;
			children = (
				7C6036572654F83C00550B76 /* NetworkManager.swift */,
			);
			path = Managers;
			sourceTree = "<group>";
		};
		7C6036642654F93800550B76 /* Cells */ = {
			isa = PBXGroup;
			children = (
				7C6036482654F76D00550B76 /* UserCell.swift */,
				7C6036A1265521CD00550B76 /* PostCell.swift */,
			);
			path = Cells;
			sourceTree = "<group>";
		};
		7C6036882654FEDD00550B76 /* Buttons */ = {
			isa = PBXGroup;
			children = (
				7C6036892654FEF400550B76 /* DUButton.swift */,
			);
			path = Buttons;
			sourceTree = "<group>";
		};
		7C6036A926552E7800550B76 /* Support */ = {
			isa = PBXGroup;
			children = (
				7C6035B62654E8A200550B76 /* AppDelegate.swift */,
				7C6035B82654E8A200550B76 /* SceneDelegate.swift */,
				7C6035BA2654E8A200550B76 /* ViewController.swift */,
				7C6035BF2654E8A400550B76 /* Assets.xcassets */,
				7C6035C12654E8A400550B76 /* LaunchScreen.storyboard */,
			);
			path = Support;
			sourceTree = "<group>";
		};
		7C6036D42655CB0C00550B76 /* UserProfileView */ = {
			isa = PBXGroup;
			children = (
				7C6036BC26554DC400550B76 /* HeaderUserProfileView.swift */,
				7C6036C126556F3A00550B76 /* UserProfileLikesView.swift */,
				7C6036CF2655963700550B76 /* TopHeaderView.swift */,
			);
			path = UserProfileView;
			sourceTree = "<group>";
		};
		7C7D78B6265694E400621BD8 /* Fonts */ = {
			isa = PBXGroup;
			children = (
				7C7D78CB2656EB7500621BD8 /* opensanshebrew-light.ttf */,
				7C7D78C72656EAA800621BD8 /* opensanshebrew-bold.ttf */,
				7C7D78BB2656954F00621BD8 /* opensanshebrew-extrabold.ttf */,
				7C7D78B72656950300621BD8 /* opensanshebrew-regular.ttf */,
			);
			path = Fonts;
			sourceTree = "<group>";
		};
/* End PBXGroup section */

/* Begin PBXNativeTarget section */
		7C6035B22654E8A200550B76 /* DUsers */ = {
			isa = PBXNativeTarget;
			buildConfigurationList = 7C6035DD2654E8A500550B76 /* Build configuration list for PBXNativeTarget "DUsers" */;
			buildPhases = (
				7C6035AF2654E8A200550B76 /* Sources */,
				7C6035B02654E8A200550B76 /* Frameworks */,
				7C6035B12654E8A200550B76 /* Resources */,
			);
			buildRules = (
			);
			dependencies = (
			);
			name = DUsers;
			productName = DUsers;
			productReference = 7C6035B32654E8A200550B76 /* DUsers.app */;
			productType = "com.apple.product-type.application";
		};
		7C6035C82654E8A400550B76 /* DUsersTests */ = {
			isa = PBXNativeTarget;
			buildConfigurationList = 7C6035E02654E8A500550B76 /* Build configuration list for PBXNativeTarget "DUsersTests" */;
			buildPhases = (
				7C6035C52654E8A400550B76 /* Sources */,
				7C6035C62654E8A400550B76 /* Frameworks */,
				7C6035C72654E8A400550B76 /* Resources */,
			);
			buildRules = (
			);
			dependencies = (
				7C6035CB2654E8A400550B76 /* PBXTargetDependency */,
			);
			name = DUsersTests;
			productName = DUsersTests;
			productReference = 7C6035C92654E8A400550B76 /* DUsersTests.xctest */;
			productType = "com.apple.product-type.bundle.unit-test";
		};
		7C6035D32654E8A500550B76 /* DUsersUITests */ = {
			isa = PBXNativeTarget;
			buildConfigurationList = 7C6035E32654E8A500550B76 /* Build configuration list for PBXNativeTarget "DUsersUITests" */;
			buildPhases = (
				7C6035D02654E8A500550B76 /* Sources */,
				7C6035D12654E8A500550B76 /* Frameworks */,
				7C6035D22654E8A500550B76 /* Resources */,
			);
			buildRules = (
			);
			dependencies = (
				7C6035D62654E8A500550B76 /* PBXTargetDependency */,
			);
			name = DUsersUITests;
			productName = DUsersUITests;
			productReference = 7C6035D42654E8A500550B76 /* DUsersUITests.xctest */;
			productType = "com.apple.product-type.bundle.ui-testing";
		};
/* End PBXNativeTarget section */

/* Begin PBXProject section */
		7C6035AB2654E8A200550B76 /* Project object */ = {
			isa = PBXProject;
			attributes = {
				LastSwiftUpdateCheck = 1240;
				LastUpgradeCheck = 1240;
				TargetAttributes = {
					7C6035B22654E8A200550B76 = {
						CreatedOnToolsVersion = 12.4;
					};
					7C6035C82654E8A400550B76 = {
						CreatedOnToolsVersion = 12.4;
						TestTargetID = 7C6035B22654E8A200550B76;
					};
					7C6035D32654E8A500550B76 = {
						CreatedOnToolsVersion = 12.4;
						TestTargetID = 7C6035B22654E8A200550B76;
					};
				};
			};
			buildConfigurationList = 7C6035AE2654E8A200550B76 /* Build configuration list for PBXProject "DUsers" */;
			compatibilityVersion = "Xcode 9.3";
			developmentRegion = en;
			hasScannedForEncodings = 0;
			knownRegions = (
				en,
				Base,
			);
			mainGroup = 7C6035AA2654E8A200550B76;
			productRefGroup = 7C6035B42654E8A200550B76 /* Products */;
			projectDirPath = "";
			projectRoot = "";
			targets = (
				7C6035B22654E8A200550B76 /* DUsers */,
				7C6035C82654E8A400550B76 /* DUsersTests */,
				7C6035D32654E8A500550B76 /* DUsersUITests */,
			);
		};
/* End PBXProject section */

/* Begin PBXResourcesBuildPhase section */
		7C6035B12654E8A200550B76 /* Resources */ = {
			isa = PBXResourcesBuildPhase;
			buildActionMask = 2147483647;
			files = (
				7C7D78BF265695C000621BD8 /* opensanshebrew-extrabold.ttf in Resources */,
				7C7D78CC2656EB7900621BD8 /* opensanshebrew-light.ttf in Resources */,
				7C7D78C3265695C400621BD8 /* opensanshebrew-regular.ttf in Resources */,
				7C7D78D02656EB7C00621BD8 /* opensanshebrew-bold.ttf in Resources */,
				7C6035C32654E8A400550B76 /* LaunchScreen.storyboard in Resources */,
				7C6035C02654E8A400550B76 /* Assets.xcassets in Resources */,
			);
			runOnlyForDeploymentPostprocessing = 0;
		};
		7C6035C72654E8A400550B76 /* Resources */ = {
			isa = PBXResourcesBuildPhase;
			buildActionMask = 2147483647;
			files = (
			);
			runOnlyForDeploymentPostprocessing = 0;
		};
		7C6035D22654E8A500550B76 /* Resources */ = {
			isa = PBXResourcesBuildPhase;
			buildActionMask = 2147483647;
			files = (
			);
			runOnlyForDeploymentPostprocessing = 0;
		};
/* End PBXResourcesBuildPhase section */

/* Begin PBXSourcesBuildPhase section */
		7C6035AF2654E8A200550B76 /* Sources */ = {
			isa = PBXSourcesBuildPhase;
			buildActionMask = 2147483647;
			files = (
				7C6036842654FEB100550B76 /* DUBodyLabel.swift in Sources */,
				7C6035BB2654E8A200550B76 /* ViewController.swift in Sources */,
				7C6036072654ED4300550B76 /* DUDataLoadingVC.swift in Sources */,
				7C6036772654FDE900550B76 /* UIViewController+Ext.swift in Sources */,
				7C6036AE26552FE300550B76 /* Date+Ext.swift in Sources */,
				7C60364F2654F7E100550B76 /* DUAvatarImageView.swift in Sources */,
				7C6036B32655330800550B76 /* String+Ext.swift in Sources */,
				7C6036B826553B3700550B76 /* UITableView+Ext.swift in Sources */,
				7C6035B72654E8A200550B76 /* AppDelegate.swift in Sources */,
				7C6035FB2654EBCA00550B76 /* UsersListVC.swift in Sources */,
				7C6035B92654E8A200550B76 /* SceneDelegate.swift in Sources */,
				7C60363C2654F2C400550B76 /* UserProfile.swift in Sources */,
				7C6036722654FB5B00550B76 /* UserProfileVC.swift in Sources */,
				7C60368A2654FEF400550B76 /* DUButton.swift in Sources */,
				7C6036602654F8F300550B76 /* ErrorMessage.swift in Sources */,
				7C60367F2654FE5700550B76 /* DUAlertVC.swift in Sources */,
				7C60362B2654EEBB00550B76 /* UIView+Ext.swift in Sources */,
				7C6036192654EDDD00550B76 /* DUTitleLabel.swift in Sources */,
				7C6036492654F76D00550B76 /* UserCell.swift in Sources */,
				7C6036582654F83C00550B76 /* NetworkManager.swift in Sources */,
				7C6036102654ED9200550B76 /* DUEmptyStateView.swift in Sources */,
				7C6036342654EF5000550B76 /* User.swift in Sources */,
				7C6036C226556F3A00550B76 /* UserProfileLikesView.swift in Sources */,
				7C6036BD26554DC400550B76 /* HeaderUserProfileView.swift in Sources */,
				7C6036922654FF2A00550B76 /* DUAlertContainerView.swift in Sources */,
				7C6036D02655963700550B76 /* TopHeaderView.swift in Sources */,
				7C6036A2265521CD00550B76 /* PostCell.swift in Sources */,
				7C60361F2654EE4100550B76 /* Constants.swift in Sources */,
			);
			runOnlyForDeploymentPostprocessing = 0;
		};
		7C6035C52654E8A400550B76 /* Sources */ = {
			isa = PBXSourcesBuildPhase;
			buildActionMask = 2147483647;
			files = (
				7C6035CE2654E8A400550B76 /* DUsersTests.swift in Sources */,
			);
			runOnlyForDeploymentPostprocessing = 0;
		};
		7C6035D02654E8A500550B76 /* Sources */ = {
			isa = PBXSourcesBuildPhase;
			buildActionMask = 2147483647;
			files = (
				7C6035D92654E8A500550B76 /* DUsersUITests.swift in Sources */,
			);
			runOnlyForDeploymentPostprocessing = 0;
		};
/* End PBXSourcesBuildPhase section */

/* Begin PBXTargetDependency section */
		7C6035CB2654E8A400550B76 /* PBXTargetDependency */ = {
			isa = PBXTargetDependency;
			target = 7C6035B22654E8A200550B76 /* DUsers */;
			targetProxy = 7C6035CA2654E8A400550B76 /* PBXContainerItemProxy */;
		};
		7C6035D62654E8A500550B76 /* PBXTargetDependency */ = {
			isa = PBXTargetDependency;
			target = 7C6035B22654E8A200550B76 /* DUsers */;
			targetProxy = 7C6035D52654E8A500550B76 /* PBXContainerItemProxy */;
		};
/* End PBXTargetDependency section */

/* Begin PBXVariantGroup section */
		7C6035C12654E8A400550B76 /* LaunchScreen.storyboard */ = {
			isa = PBXVariantGroup;
			children = (
				7C6035C22654E8A400550B76 /* Base */,
			);
			name = LaunchScreen.storyboard;
			sourceTree = "<group>";
		};
/* End PBXVariantGroup section */

/* Begin XCBuildConfiguration section */
		7C6035DB2654E8A500550B76 /* Debug */ = {
			isa = XCBuildConfiguration;
			buildSettings = {
				ALWAYS_SEARCH_USER_PATHS = NO;
				CLANG_ANALYZER_NONNULL = YES;
				CLANG_ANALYZER_NUMBER_OBJECT_CONVERSION = YES_AGGRESSIVE;
				CLANG_CXX_LANGUAGE_STANDARD = "gnu++14";
				CLANG_CXX_LIBRARY = "libc++";
				CLANG_ENABLE_MODULES = YES;
				CLANG_ENABLE_OBJC_ARC = YES;
				CLANG_ENABLE_OBJC_WEAK = YES;
				CLANG_WARN_BLOCK_CAPTURE_AUTORELEASING = YES;
				CLANG_WARN_BOOL_CONVERSION = YES;
				CLANG_WARN_COMMA = YES;
				CLANG_WARN_CONSTANT_CONVERSION = YES;
				CLANG_WARN_DEPRECATED_OBJC_IMPLEMENTATIONS = YES;
				CLANG_WARN_DIRECT_OBJC_ISA_USAGE = YES_ERROR;
				CLANG_WARN_DOCUMENTATION_COMMENTS = YES;
				CLANG_WARN_EMPTY_BODY = YES;
				CLANG_WARN_ENUM_CONVERSION = YES;
				CLANG_WARN_INFINITE_RECURSION = YES;
				CLANG_WARN_INT_CONVERSION = YES;
				CLANG_WARN_NON_LITERAL_NULL_CONVERSION = YES;
				CLANG_WARN_OBJC_IMPLICIT_RETAIN_SELF = YES;
				CLANG_WARN_OBJC_LITERAL_CONVERSION = YES;
				CLANG_WARN_OBJC_ROOT_CLASS = YES_ERROR;
				CLANG_WARN_QUOTED_INCLUDE_IN_FRAMEWORK_HEADER = YES;
				CLANG_WARN_RANGE_LOOP_ANALYSIS = YES;
				CLANG_WARN_STRICT_PROTOTYPES = YES;
				CLANG_WARN_SUSPICIOUS_MOVE = YES;
				CLANG_WARN_UNGUARDED_AVAILABILITY = YES_AGGRESSIVE;
				CLANG_WARN_UNREACHABLE_CODE = YES;
				CLANG_WARN__DUPLICATE_METHOD_MATCH = YES;
				COPY_PHASE_STRIP = NO;
				DEBUG_INFORMATION_FORMAT = dwarf;
				ENABLE_STRICT_OBJC_MSGSEND = YES;
				ENABLE_TESTABILITY = YES;
				GCC_C_LANGUAGE_STANDARD = gnu11;
				GCC_DYNAMIC_NO_PIC = NO;
				GCC_NO_COMMON_BLOCKS = YES;
				GCC_OPTIMIZATION_LEVEL = 0;
				GCC_PREPROCESSOR_DEFINITIONS = (
					"DEBUG=1",
					"$(inherited)",
				);
				GCC_WARN_64_TO_32_BIT_CONVERSION = YES;
				GCC_WARN_ABOUT_RETURN_TYPE = YES_ERROR;
				GCC_WARN_UNDECLARED_SELECTOR = YES;
				GCC_WARN_UNINITIALIZED_AUTOS = YES_AGGRESSIVE;
				GCC_WARN_UNUSED_FUNCTION = YES;
				GCC_WARN_UNUSED_VARIABLE = YES;
				IPHONEOS_DEPLOYMENT_TARGET = 14.4;
				MTL_ENABLE_DEBUG_INFO = INCLUDE_SOURCE;
				MTL_FAST_MATH = YES;
				ONLY_ACTIVE_ARCH = YES;
				SDKROOT = iphoneos;
				SWIFT_ACTIVE_COMPILATION_CONDITIONS = DEBUG;
				SWIFT_OPTIMIZATION_LEVEL = "-Onone";
			};
			name = Debug;
		};
		7C6035DC2654E8A500550B76 /* Release */ = {
			isa = XCBuildConfiguration;
			buildSettings = {
				ALWAYS_SEARCH_USER_PATHS = NO;
				CLANG_ANALYZER_NONNULL = YES;
				CLANG_ANALYZER_NUMBER_OBJECT_CONVERSION = YES_AGGRESSIVE;
				CLANG_CXX_LANGUAGE_STANDARD = "gnu++14";
				CLANG_CXX_LIBRARY = "libc++";
				CLANG_ENABLE_MODULES = YES;
				CLANG_ENABLE_OBJC_ARC = YES;
				CLANG_ENABLE_OBJC_WEAK = YES;
				CLANG_WARN_BLOCK_CAPTURE_AUTORELEASING = YES;
				CLANG_WARN_BOOL_CONVERSION = YES;
				CLANG_WARN_COMMA = YES;
				CLANG_WARN_CONSTANT_CONVERSION = YES;
				CLANG_WARN_DEPRECATED_OBJC_IMPLEMENTATIONS = YES;
				CLANG_WARN_DIRECT_OBJC_ISA_USAGE = YES_ERROR;
				CLANG_WARN_DOCUMENTATION_COMMENTS = YES;
				CLANG_WARN_EMPTY_BODY = YES;
				CLANG_WARN_ENUM_CONVERSION = YES;
				CLANG_WARN_INFINITE_RECURSION = YES;
				CLANG_WARN_INT_CONVERSION = YES;
				CLANG_WARN_NON_LITERAL_NULL_CONVERSION = YES;
				CLANG_WARN_OBJC_IMPLICIT_RETAIN_SELF = YES;
				CLANG_WARN_OBJC_LITERAL_CONVERSION = YES;
				CLANG_WARN_OBJC_ROOT_CLASS = YES_ERROR;
				CLANG_WARN_QUOTED_INCLUDE_IN_FRAMEWORK_HEADER = YES;
				CLANG_WARN_RANGE_LOOP_ANALYSIS = YES;
				CLANG_WARN_STRICT_PROTOTYPES = YES;
				CLANG_WARN_SUSPICIOUS_MOVE = YES;
				CLANG_WARN_UNGUARDED_AVAILABILITY = YES_AGGRESSIVE;
				CLANG_WARN_UNREACHABLE_CODE = YES;
				CLANG_WARN__DUPLICATE_METHOD_MATCH = YES;
				COPY_PHASE_STRIP = NO;
				DEBUG_INFORMATION_FORMAT = "dwarf-with-dsym";
				ENABLE_NS_ASSERTIONS = NO;
				ENABLE_STRICT_OBJC_MSGSEND = YES;
				GCC_C_LANGUAGE_STANDARD = gnu11;
				GCC_NO_COMMON_BLOCKS = YES;
				GCC_WARN_64_TO_32_BIT_CONVERSION = YES;
				GCC_WARN_ABOUT_RETURN_TYPE = YES_ERROR;
				GCC_WARN_UNDECLARED_SELECTOR = YES;
				GCC_WARN_UNINITIALIZED_AUTOS = YES_AGGRESSIVE;
				GCC_WARN_UNUSED_FUNCTION = YES;
				GCC_WARN_UNUSED_VARIABLE = YES;
				IPHONEOS_DEPLOYMENT_TARGET = 14.4;
				MTL_ENABLE_DEBUG_INFO = NO;
				MTL_FAST_MATH = YES;
				SDKROOT = iphoneos;
				SWIFT_COMPILATION_MODE = wholemodule;
				SWIFT_OPTIMIZATION_LEVEL = "-O";
				VALIDATE_PRODUCT = YES;
			};
			name = Release;
		};
		7C6035DE2654E8A500550B76 /* Debug */ = {
			isa = XCBuildConfiguration;
			buildSettings = {
				ASSETCATALOG_COMPILER_APPICON_NAME = AppIcon;
				ASSETCATALOG_COMPILER_GLOBAL_ACCENT_COLOR_NAME = AccentColor;
				CODE_SIGN_IDENTITY = "Apple Development";
				CODE_SIGN_STYLE = Automatic;
				DEVELOPMENT_TEAM = EY7559WCGK;
				INFOPLIST_FILE = DUsers/Info.plist;
				LD_RUNPATH_SEARCH_PATHS = (
					"$(inherited)",
					"@executable_path/Frameworks",
				);
				PRODUCT_BUNDLE_IDENTIFIER = com.shira.DUsers;
				PRODUCT_NAME = "$(TARGET_NAME)";
				PROVISIONING_PROFILE_SPECIFIER = "";
				SWIFT_VERSION = 5.0;
				TARGETED_DEVICE_FAMILY = 1;
			};
			name = Debug;
		};
		7C6035DF2654E8A500550B76 /* Release */ = {
			isa = XCBuildConfiguration;
			buildSettings = {
				ASSETCATALOG_COMPILER_APPICON_NAME = AppIcon;
				ASSETCATALOG_COMPILER_GLOBAL_ACCENT_COLOR_NAME = AccentColor;
				CODE_SIGN_IDENTITY = "Apple Development";
				CODE_SIGN_STYLE = Automatic;
				DEVELOPMENT_TEAM = EY7559WCGK;
				INFOPLIST_FILE = DUsers/Info.plist;
				LD_RUNPATH_SEARCH_PATHS = (
					"$(inherited)",
					"@executable_path/Frameworks",
				);
				PRODUCT_BUNDLE_IDENTIFIER = com.shira.DUsers;
				PRODUCT_NAME = "$(TARGET_NAME)";
				PROVISIONING_PROFILE_SPECIFIER = "";
				SWIFT_VERSION = 5.0;
				TARGETED_DEVICE_FAMILY = 1;
			};
			name = Release;
		};
		7C6035E12654E8A500550B76 /* Debug */ = {
			isa = XCBuildConfiguration;
			buildSettings = {
				ALWAYS_EMBED_SWIFT_STANDARD_LIBRARIES = YES;
				BUNDLE_LOADER = "$(TEST_HOST)";
				CODE_SIGN_STYLE = Automatic;
				DEVELOPMENT_TEAM = EY7559WCGK;
				INFOPLIST_FILE = DUsersTests/Info.plist;
				IPHONEOS_DEPLOYMENT_TARGET = 14.4;
				LD_RUNPATH_SEARCH_PATHS = (
					"$(inherited)",
					"@executable_path/Frameworks",
					"@loader_path/Frameworks",
				);
				PRODUCT_BUNDLE_IDENTIFIER = com.shira.DUsersTests;
				PRODUCT_NAME = "$(TARGET_NAME)";
				SWIFT_VERSION = 5.0;
				TARGETED_DEVICE_FAMILY = "1,2";
				TEST_HOST = "$(BUILT_PRODUCTS_DIR)/DUsers.app/DUsers";
			};
			name = Debug;
		};
		7C6035E22654E8A500550B76 /* Release */ = {
			isa = XCBuildConfiguration;
			buildSettings = {
				ALWAYS_EMBED_SWIFT_STANDARD_LIBRARIES = YES;
				BUNDLE_LOADER = "$(TEST_HOST)";
				CODE_SIGN_STYLE = Automatic;
				DEVELOPMENT_TEAM = EY7559WCGK;
				INFOPLIST_FILE = DUsersTests/Info.plist;
				IPHONEOS_DEPLOYMENT_TARGET = 14.4;
				LD_RUNPATH_SEARCH_PATHS = (
					"$(inherited)",
					"@executable_path/Frameworks",
					"@loader_path/Frameworks",
				);
				PRODUCT_BUNDLE_IDENTIFIER = com.shira.DUsersTests;
				PRODUCT_NAME = "$(TARGET_NAME)";
				SWIFT_VERSION = 5.0;
				TARGETED_DEVICE_FAMILY = "1,2";
				TEST_HOST = "$(BUILT_PRODUCTS_DIR)/DUsers.app/DUsers";
			};
			name = Release;
		};
		7C6035E42654E8A500550B76 /* Debug */ = {
			isa = XCBuildConfiguration;
			buildSettings = {
				ALWAYS_EMBED_SWIFT_STANDARD_LIBRARIES = YES;
				CODE_SIGN_STYLE = Automatic;
				DEVELOPMENT_TEAM = EY7559WCGK;
				INFOPLIST_FILE = DUsersUITests/Info.plist;
				LD_RUNPATH_SEARCH_PATHS = (
					"$(inherited)",
					"@executable_path/Frameworks",
					"@loader_path/Frameworks",
				);
				PRODUCT_BUNDLE_IDENTIFIER = com.shira.DUsersUITests;
				PRODUCT_NAME = "$(TARGET_NAME)";
				SWIFT_VERSION = 5.0;
				TARGETED_DEVICE_FAMILY = "1,2";
				TEST_TARGET_NAME = DUsers;
			};
			name = Debug;
		};
		7C6035E52654E8A500550B76 /* Release */ = {
			isa = XCBuildConfiguration;
			buildSettings = {
				ALWAYS_EMBED_SWIFT_STANDARD_LIBRARIES = YES;
				CODE_SIGN_STYLE = Automatic;
				DEVELOPMENT_TEAM = EY7559WCGK;
				INFOPLIST_FILE = DUsersUITests/Info.plist;
				LD_RUNPATH_SEARCH_PATHS = (
					"$(inherited)",
					"@executable_path/Frameworks",
					"@loader_path/Frameworks",
				);
				PRODUCT_BUNDLE_IDENTIFIER = com.shira.DUsersUITests;
				PRODUCT_NAME = "$(TARGET_NAME)";
				SWIFT_VERSION = 5.0;
				TARGETED_DEVICE_FAMILY = "1,2";
				TEST_TARGET_NAME = DUsers;
			};
			name = Release;
		};
/* End XCBuildConfiguration section */

/* Begin XCConfigurationList section */
		7C6035AE2654E8A200550B76 /* Build configuration list for PBXProject "DUsers" */ = {
			isa = XCConfigurationList;
			buildConfigurations = (
				7C6035DB2654E8A500550B76 /* Debug */,
				7C6035DC2654E8A500550B76 /* Release */,
			);
			defaultConfigurationIsVisible = 0;
			defaultConfigurationName = Release;
		};
		7C6035DD2654E8A500550B76 /* Build configuration list for PBXNativeTarget "DUsers" */ = {
			isa = XCConfigurationList;
			buildConfigurations = (
				7C6035DE2654E8A500550B76 /* Debug */,
				7C6035DF2654E8A500550B76 /* Release */,
			);
			defaultConfigurationIsVisible = 0;
			defaultConfigurationName = Release;
		};
		7C6035E02654E8A500550B76 /* Build configuration list for PBXNativeTarget "DUsersTests" */ = {
			isa = XCConfigurationList;
			buildConfigurations = (
				7C6035E12654E8A500550B76 /* Debug */,
				7C6035E22654E8A500550B76 /* Release */,
			);
			defaultConfigurationIsVisible = 0;
			defaultConfigurationName = Release;
		};
		7C6035E32654E8A500550B76 /* Build configuration list for PBXNativeTarget "DUsersUITests" */ = {
			isa = XCConfigurationList;
			buildConfigurations = (
				7C6035E42654E8A500550B76 /* Debug */,
				7C6035E52654E8A500550B76 /* Release */,
			);
			defaultConfigurationIsVisible = 0;
			defaultConfigurationName = Release;
		};
/* End XCConfigurationList section */
	};
	rootObject = 7C6035AB2654E8A200550B76 /* Project object */;
}
